<?xml version="1.0" encoding="UTF-8"?>
<Scheme
   LastUpgradeVersion = "0610"
   version = "1.3">
   <BuildAction
      parallelizeBuildables = "YES"
      buildImplicitDependencies = "YES">
      <BuildActionEntries>
         <BuildActionEntry
            buildForTesting = "YES"
            buildForRunning = "YES"
            buildForProfiling = "YES"
            buildForArchiving = "YES"
            buildForAnalyzing = "YES">
            <BuildableReference
               BuildableIdentifier = "primary"
               BlueprintIdentifier = "9C82D0221A8CA136005B6DC5"
               BuildableName = "&#x5e7f;&#x5dde;&#x94c1;&#x8def;.app"
               BlueprintName = "&#x5e7f;&#x5dde;&#x94c1;&#x8def;"
               ReferencedContainer = "container:&#x5e7f;&#x5dde;&#x94c1;&#x8def;.xcodeproj">
            </BuildableReference>
         </BuildActionEntry>
         <BuildActionEntry
            buildForTesting = "YES"
            buildForRunning = "YES"
            buildForProfiling = "NO"
            buildForArchiving = "NO"
            buildForAnalyzing = "YES">
            <BuildableReference
               BuildableIdentifier = "primary"
               BlueprintIdentifier = "9C82D0371A8CA136005B6DC5"
               BuildableName = "&#x5e7f;&#x5dde;&#x94c1;&#x8def;Tests.xctest"
               BlueprintName = "&#x5e7f;&#x5dde;&#x94c1;&#x8def;Tests"
               ReferencedContainer = "container:&#x5e7f;&#x5dde;&#x94c1;&#x8def;.xcodeproj">
            </BuildableReference>
         </BuildActionEntry>
      </BuildActionEntries>
   </BuildAction>
   <TestAction
      selectedDebuggerIdentifier = "Xcode.DebuggerFoundation.Debugger.LLDB"
      selectedLauncherIdentifier = "Xcode.DebuggerFoundation.Launcher.LLDB"
      shouldUseLaunchSchemeArgsEnv = "YES"
      buildConfiguration = "Debug">
      <Testables>
         <TestableReference
            skipped = "NO">
            <BuildableReference
               BuildableIdentifier = "primary"
               BlueprintIdentifier = "9C82D0371A8CA136005B6DC5"
               BuildableName = "&#x5e7f;&#x5dde;&#x94c1;&#x8def;Tests.xctest"
               BlueprintName = "&#x5e7f;&#x5dde;&#x94c1;&#x8def;Tests"
               ReferencedContainer = "container:&#x5e7f;&#x5dde;&#x94c1;&#x8def;.xcodeproj">
            </BuildableReference>
         </TestableReference>
      </Testables>
      <MacroExpansion>
         <BuildableReference
            BuildableIdentifier = "primary"
            BlueprintIdentifier = "9C82D0221A8CA136005B6DC5"
            BuildableName = "&#x5e7f;&#x5dde;&#x94c1;&#x8def;.app"
            BlueprintName = "&#x5e7f;&#x5dde;&#x94c1;&#x8def;"
            ReferencedContainer = "container:&#x5e7f;&#x5dde;&#x94c1;&#x8def;.xcodeproj">
         </BuildableReference>
      </MacroExpansion>
   </TestAction>
   <LaunchAction
      selectedDebuggerIdentifier = "Xcode.DebuggerFoundation.Debugger.LLDB"
      selectedLauncherIdentifier = "Xcode.DebuggerFoundation.Launcher.LLDB"
      launchStyle = "0"
      useCustomWorkingDirectory = "NO"
      buildConfiguration = "Debug"
      ignoresPersistentStateOnLaunch = "NO"
      debugDocumentVersioning = "YES"
      allowLocationSimulation = "YES"
      language = "IDELaunchSchemeLanguageDoubleLocalizedStrings"
      region = "CN">
      <BuildableProductRunnable
         runnableDebuggingMode = "0">
         <BuildableReference
            BuildableIdentifier = "primary"
            BlueprintIdentifier = "9C82D0221A8CA136005B6DC5"
            BuildableName = "&#x5e7f;&#x5dde;&#x94c1;&#x8def;.app"
            BlueprintName = "&#x5e7f;&#x5dde;&#x94c1;&#x8def;"
            ReferencedContainer = "container:&#x5e7f;&#x5dde;&#x94c1;&#x8def;.xcodeproj">
         </BuildableReference>
      </BuildableProductRunnable>
      <AdditionalOptions>
         <AdditionalOption
            key = "NSZombieEnabled"
            value = "YES"
            isEnabled = "YES">
         </AdditionalOption>
      </AdditionalOptions>
   </LaunchAction>
   <ProfileAction
      shouldUseLaunchSchemeArgsEnv = "YES"
      savedToolIdentifier = ""
      useCustomWorkingDirectory = "NO"
      buildConfiguration = "Release"
      debugDocumentVersioning = "YES">
      <BuildableProductRunnable
         runnableDebuggingMode = "0">
         <BuildableReference
            BuildableIdentifier = "primary"
            BlueprintIdentifier = "9C82D0221A8CA136005B6DC5"
            BuildableName = "&#x5e7f;&#x5dde;&#x94c1;&#x8def;.app"
            BlueprintName = "&#x5e7f;&#x5dde;&#x94c1;&#x8def;"
            ReferencedContainer = "container:&#x5e7f;&#x5dde;&#x94c1;&#x8def;.xcodeproj">
         </BuildableReference>
      </BuildableProductRunnable>
   </ProfileAction>
   <AnalyzeAction
      buildConfiguration = "Debug">
   </AnalyzeAction>
   <ArchiveAction
      buildConfiguration = "Release"
      revealArchiveInOrganizer = "YES">
   </ArchiveAction>
</Scheme>
